// !$*UTF8*$!
{
	archiveVersion = 1;
	classes = {
	};
	objectVersion = 50;
	objects = {

/* Begin PBXBuildFile section */
		4B7CFF843565531E99DF941D /* Pods_Contacts.framework in Frameworks */ = {isa = PBXBuildFile; fileRef = D0F12E5FBE9664366CDB0B71 /* Pods_Contacts.framework */; };
		70333110EBBE9B2AD3FAAF91 /* Pods_ContactsTests.framework in Frameworks */ = {isa = PBXBuildFile; fileRef = 923E1EB33FD6DFB77F9DC04A /* Pods_ContactsTests.framework */; };
		E13E8D3C223E9C580021CD55 /* AppDelegate.swift in Sources */ = {isa = PBXBuildFile; fileRef = E13E8D3B223E9C580021CD55 /* AppDelegate.swift */; };
		E13E8D3E223E9C580021CD55 /* ListViewController.swift in Sources */ = {isa = PBXBuildFile; fileRef = E13E8D3D223E9C580021CD55 /* ListViewController.swift */; };
		E13E8D41223E9C580021CD55 /* Main.storyboard in Resources */ = {isa = PBXBuildFile; fileRef = E13E8D3F223E9C580021CD55 /* Main.storyboard */; };
		E13E8D43223E9C5A0021CD55 /* Assets.xcassets in Resources */ = {isa = PBXBuildFile; fileRef = E13E8D42223E9C5A0021CD55 /* Assets.xcassets */; };
		E13E8D46223E9C5A0021CD55 /* LaunchScreen.storyboard in Resources */ = {isa = PBXBuildFile; fileRef = E13E8D44223E9C5A0021CD55 /* LaunchScreen.storyboard */; };
		E13E8D51223E9C5A0021CD55 /* contactsTests.swift in Sources */ = {isa = PBXBuildFile; fileRef = E13E8D50223E9C5A0021CD55 /* contactsTests.swift */; };
		E1FBB6F4223EB19E0001E273 /* NetworkLayer.swift in Sources */ = {isa = PBXBuildFile; fileRef = E1FBB6F3223EB19E0001E273 /* NetworkLayer.swift */; };
		E1FBB6F6223EB1D40001E273 /* Constants.swift in Sources */ = {isa = PBXBuildFile; fileRef = E1FBB6F5223EB1D40001E273 /* Constants.swift */; };
		E1FBB6FD223EBEF90001E273 /* ContactsDataSource.swift in Sources */ = {isa = PBXBuildFile; fileRef = E1FBB6FC223EBEF90001E273 /* ContactsDataSource.swift */; };
/* End PBXBuildFile section */

/* Begin PBXContainerItemProxy section */
		E13E8D4D223E9C5A0021CD55 /* PBXContainerItemProxy */ = {
			isa = PBXContainerItemProxy;
			containerPortal = E13E8D30223E9C580021CD55 /* Project object */;
			proxyType = 1;
			remoteGlobalIDString = E13E8D37223E9C580021CD55;
			remoteInfo = contacts;
		};
/* End PBXContainerItemProxy section */

/* Begin PBXFileReference section */
		0759A0D4ACF5751E2AB6EA3C /* Pods-Contacts.debug.xcconfig */ = {isa = PBXFileReference; includeInIndex = 1; lastKnownFileType = text.xcconfig; name = "Pods-Contacts.debug.xcconfig"; path = "Pods/Target Support Files/Pods-Contacts/Pods-Contacts.debug.xcconfig"; sourceTree = "<group>"; };
		2114991CD4B85BF1B8CB0809 /* Pods-ContactsTests.release.xcconfig */ = {isa = PBXFileReference; includeInIndex = 1; lastKnownFileType = text.xcconfig; name = "Pods-ContactsTests.release.xcconfig"; path = "Pods/Target Support Files/Pods-ContactsTests/Pods-ContactsTests.release.xcconfig"; sourceTree = "<group>"; };
		243199DA5DD9B842EF20316A /* Pods-Contacts.release.xcconfig */ = {isa = PBXFileReference; includeInIndex = 1; lastKnownFileType = text.xcconfig; name = "Pods-Contacts.release.xcconfig"; path = "Pods/Target Support Files/Pods-Contacts/Pods-Contacts.release.xcconfig"; sourceTree = "<group>"; };
		516AE302A23ABB631EBBAB20 /* Pods-ContactsTests.debug.xcconfig */ = {isa = PBXFileReference; includeInIndex = 1; lastKnownFileType = text.xcconfig; name = "Pods-ContactsTests.debug.xcconfig"; path = "Pods/Target Support Files/Pods-ContactsTests/Pods-ContactsTests.debug.xcconfig"; sourceTree = "<group>"; };
		923E1EB33FD6DFB77F9DC04A /* Pods_ContactsTests.framework */ = {isa = PBXFileReference; explicitFileType = wrapper.framework; includeInIndex = 0; path = Pods_ContactsTests.framework; sourceTree = BUILT_PRODUCTS_DIR; };
		D0F12E5FBE9664366CDB0B71 /* Pods_Contacts.framework */ = {isa = PBXFileReference; explicitFileType = wrapper.framework; includeInIndex = 0; path = Pods_Contacts.framework; sourceTree = BUILT_PRODUCTS_DIR; };
		E13E8D38223E9C580021CD55 /* Contacts.app */ = {isa = PBXFileReference; explicitFileType = wrapper.application; includeInIndex = 0; path = Contacts.app; sourceTree = BUILT_PRODUCTS_DIR; };
		E13E8D3B223E9C580021CD55 /* AppDelegate.swift */ = {isa = PBXFileReference; lastKnownFileType = sourcecode.swift; path = AppDelegate.swift; sourceTree = "<group>"; };
		E13E8D3D223E9C580021CD55 /* ListViewController.swift */ = {isa = PBXFileReference; lastKnownFileType = sourcecode.swift; path = ListViewController.swift; sourceTree = "<group>"; };
		E13E8D40223E9C580021CD55 /* Base */ = {isa = PBXFileReference; lastKnownFileType = file.storyboard; name = Base; path = Base.lproj/Main.storyboard; sourceTree = "<group>"; };
		E13E8D42223E9C5A0021CD55 /* Assets.xcassets */ = {isa = PBXFileReference; lastKnownFileType = folder.assetcatalog; path = Assets.xcassets; sourceTree = "<group>"; };
		E13E8D45223E9C5A0021CD55 /* Base */ = {isa = PBXFileReference; lastKnownFileType = file.storyboard; name = Base; path = Base.lproj/LaunchScreen.storyboard; sourceTree = "<group>"; };
		E13E8D47223E9C5A0021CD55 /* Info.plist */ = {isa = PBXFileReference; lastKnownFileType = text.plist.xml; path = Info.plist; sourceTree = "<group>"; };
		E13E8D4C223E9C5A0021CD55 /* ContactsTests.xctest */ = {isa = PBXFileReference; explicitFileType = wrapper.cfbundle; includeInIndex = 0; path = ContactsTests.xctest; sourceTree = BUILT_PRODUCTS_DIR; };
		E13E8D50223E9C5A0021CD55 /* contactsTests.swift */ = {isa = PBXFileReference; lastKnownFileType = sourcecode.swift; path = contactsTests.swift; sourceTree = "<group>"; };
		E13E8D52223E9C5A0021CD55 /* Info.plist */ = {isa = PBXFileReference; lastKnownFileType = text.plist.xml; path = Info.plist; sourceTree = "<group>"; };
		E1FBB6F3223EB19E0001E273 /* NetworkLayer.swift */ = {isa = PBXFileReference; lastKnownFileType = sourcecode.swift; path = NetworkLayer.swift; sourceTree = "<group>"; };
		E1FBB6F5223EB1D40001E273 /* Constants.swift */ = {isa = PBXFileReference; lastKnownFileType = sourcecode.swift; path = Constants.swift; sourceTree = "<group>"; };
		E1FBB6FC223EBEF90001E273 /* ContactsDataSource.swift */ = {isa = PBXFileReference; fileEncoding = 4; lastKnownFileType = sourcecode.swift; path = ContactsDataSource.swift; sourceTree = "<group>"; };
/* End PBXFileReference section */

/* Begin PBXFrameworksBuildPhase section */
		E13E8D35223E9C580021CD55 /* Frameworks */ = {
			isa = PBXFrameworksBuildPhase;
			buildActionMask = 2147483647;
			files = (
				4B7CFF843565531E99DF941D /* Pods_Contacts.framework in Frameworks */,
			);
			runOnlyForDeploymentPostprocessing = 0;
		};
		E13E8D49223E9C5A0021CD55 /* Frameworks */ = {
			isa = PBXFrameworksBuildPhase;
			buildActionMask = 2147483647;
			files = (
				70333110EBBE9B2AD3FAAF91 /* Pods_ContactsTests.framework in Frameworks */,
			);
			runOnlyForDeploymentPostprocessing = 0;
		};
/* End PBXFrameworksBuildPhase section */

/* Begin PBXGroup section */
		2630FFA285FA587859767636 /* Frameworks */ = {
			isa = PBXGroup;
			children = (
				D0F12E5FBE9664366CDB0B71 /* Pods_Contacts.framework */,
				923E1EB33FD6DFB77F9DC04A /* Pods_ContactsTests.framework */,
			);
			name = Frameworks;
			sourceTree = "<group>";
		};
		B9E255DEB04BB85FAFB4A767 /* Pods */ = {
			isa = PBXGroup;
			children = (
				0759A0D4ACF5751E2AB6EA3C /* Pods-Contacts.debug.xcconfig */,
				243199DA5DD9B842EF20316A /* Pods-Contacts.release.xcconfig */,
				516AE302A23ABB631EBBAB20 /* Pods-ContactsTests.debug.xcconfig */,
				2114991CD4B85BF1B8CB0809 /* Pods-ContactsTests.release.xcconfig */,
			);
			name = Pods;
			sourceTree = "<group>";
		};
		E13E8D2F223E9C580021CD55 = {
			isa = PBXGroup;
			children = (
				E13E8D3A223E9C580021CD55 /* Contacts */,
				E13E8D4F223E9C5A0021CD55 /* contactsTests */,
				E13E8D39223E9C580021CD55 /* Products */,
				B9E255DEB04BB85FAFB4A767 /* Pods */,
				2630FFA285FA587859767636 /* Frameworks */,
			);
			sourceTree = "<group>";
		};
		E13E8D39223E9C580021CD55 /* Products */ = {
			isa = PBXGroup;
			children = (
				E13E8D38223E9C580021CD55 /* Contacts.app */,
				E13E8D4C223E9C5A0021CD55 /* ContactsTests.xctest */,
			);
			name = Products;
			sourceTree = "<group>";
		};
		E13E8D3A223E9C580021CD55 /* Contacts */ = {
			isa = PBXGroup;
			children = (
				E1FBB6F2223EB1780001E273 /* Network */,
				E1FBB6F1223EB1710001E273 /* Models */,
				E13E8D5C223E9D2E0021CD55 /* Controllers */,
				E13E8D5B223E9CF20021CD55 /* UI */,
				E13E8D5D223E9FDF0021CD55 /* Support */,
			);
			path = Contacts;
			sourceTree = "<group>";
		};
		E13E8D4F223E9C5A0021CD55 /* contactsTests */ = {
			isa = PBXGroup;
			children = (
				E13E8D50223E9C5A0021CD55 /* contactsTests.swift */,
				E13E8D52223E9C5A0021CD55 /* Info.plist */,
			);
			path = contactsTests;
			sourceTree = "<group>";
		};
		E13E8D5B223E9CF20021CD55 /* UI */ = {
			isa = PBXGroup;
			children = (
				E13E8D42223E9C5A0021CD55 /* Assets.xcassets */,
				E13E8D44223E9C5A0021CD55 /* LaunchScreen.storyboard */,
				E13E8D3F223E9C580021CD55 /* Main.storyboard */,
			);
			path = UI;
			sourceTree = "<group>";
		};
		E13E8D5C223E9D2E0021CD55 /* Controllers */ = {
			isa = PBXGroup;
			children = (
				E1FBB6F9223EBA470001E273 /* Details */,
				E1FBB6F8223EBA3F0001E273 /* Listing */,
			);
			path = Controllers;
			sourceTree = "<group>";
		};
		E13E8D5D223E9FDF0021CD55 /* Support */ = {
			isa = PBXGroup;
			children = (
				E13E8D3B223E9C580021CD55 /* AppDelegate.swift */,
				E13E8D47223E9C5A0021CD55 /* Info.plist */,
			);
			path = Support;
			sourceTree = "<group>";
		};
		E1FBB6F1223EB1710001E273 /* Models */ = {
			isa = PBXGroup;
			children = (
			);
			path = Models;
			sourceTree = "<group>";
		};
		E1FBB6F2223EB1780001E273 /* Network */ = {
			isa = PBXGroup;
			children = (
				E1FBB6F5223EB1D40001E273 /* Constants.swift */,
				E1FBB6F3223EB19E0001E273 /* NetworkLayer.swift */,
			);
			path = Network;
			sourceTree = "<group>";
		};
		E1FBB6F8223EBA3F0001E273 /* Listing */ = {
			isa = PBXGroup;
			children = (
				E1FBB6FC223EBEF90001E273 /* ContactsDataSource.swift */,
				E13E8D3D223E9C580021CD55 /* ListViewController.swift */,
			);
			path = Listing;
			sourceTree = "<group>";
		};
		E1FBB6F9223EBA470001E273 /* Details */ = {
			isa = PBXGroup;
			children = (
			);
			path = Details;
			sourceTree = "<group>";
		};
/* End PBXGroup section */

/* Begin PBXNativeTarget section */
		E13E8D37223E9C580021CD55 /* Contacts */ = {
			isa = PBXNativeTarget;
			buildConfigurationList = E13E8D55223E9C5A0021CD55 /* Build configuration list for PBXNativeTarget "Contacts" */;
			buildPhases = (
				CC7D90A8A00E81F17C5FB4CD /* [CP] Check Pods Manifest.lock */,
				E13E8D34223E9C580021CD55 /* Sources */,
				E13E8D35223E9C580021CD55 /* Frameworks */,
				E13E8D36223E9C580021CD55 /* Resources */,
				009B334262901D4818808E3D /* [CP] Embed Pods Frameworks */,
			);
			buildRules = (
			);
			dependencies = (
			);
			name = Contacts;
			productName = contacts;
			productReference = E13E8D38223E9C580021CD55 /* Contacts.app */;
			productType = "com.apple.product-type.application";
		};
		E13E8D4B223E9C5A0021CD55 /* ContactsTests */ = {
			isa = PBXNativeTarget;
			buildConfigurationList = E13E8D58223E9C5A0021CD55 /* Build configuration list for PBXNativeTarget "ContactsTests" */;
			buildPhases = (
				94B85F3719D94F24D17425EC /* [CP] Check Pods Manifest.lock */,
				E13E8D48223E9C5A0021CD55 /* Sources */,
				E13E8D49223E9C5A0021CD55 /* Frameworks */,
				E13E8D4A223E9C5A0021CD55 /* Resources */,
			);
			buildRules = (
			);
			dependencies = (
				E13E8D4E223E9C5A0021CD55 /* PBXTargetDependency */,
			);
			name = ContactsTests;
			productName = contactsTests;
			productReference = E13E8D4C223E9C5A0021CD55 /* ContactsTests.xctest */;
			productType = "com.apple.product-type.bundle.unit-test";
		};
/* End PBXNativeTarget section */

/* Begin PBXProject section */
		E13E8D30223E9C580021CD55 /* Project object */ = {
			isa = PBXProject;
			attributes = {
				LastSwiftUpdateCheck = 1010;
				LastUpgradeCheck = 1010;
				ORGANIZATIONNAME = "Mauricio Chirino";
				TargetAttributes = {
					E13E8D37223E9C580021CD55 = {
						CreatedOnToolsVersion = 10.1;
					};
					E13E8D4B223E9C5A0021CD55 = {
						CreatedOnToolsVersion = 10.1;
						TestTargetID = E13E8D37223E9C580021CD55;
					};
				};
			};
			buildConfigurationList = E13E8D33223E9C580021CD55 /* Build configuration list for PBXProject "Contacts" */;
			compatibilityVersion = "Xcode 9.3";
			developmentRegion = en;
			hasScannedForEncodings = 0;
			knownRegions = (
				en,
				Base,
			);
			mainGroup = E13E8D2F223E9C580021CD55;
			productRefGroup = E13E8D39223E9C580021CD55 /* Products */;
			projectDirPath = "";
			projectRoot = "";
			targets = (
				E13E8D37223E9C580021CD55 /* Contacts */,
				E13E8D4B223E9C5A0021CD55 /* ContactsTests */,
			);
		};
/* End PBXProject section */

/* Begin PBXResourcesBuildPhase section */
		E13E8D36223E9C580021CD55 /* Resources */ = {
			isa = PBXResourcesBuildPhase;
			buildActionMask = 2147483647;
			files = (
				E13E8D46223E9C5A0021CD55 /* LaunchScreen.storyboard in Resources */,
				E13E8D43223E9C5A0021CD55 /* Assets.xcassets in Resources */,
				E13E8D41223E9C580021CD55 /* Main.storyboard in Resources */,
			);
			runOnlyForDeploymentPostprocessing = 0;
		};
		E13E8D4A223E9C5A0021CD55 /* Resources */ = {
			isa = PBXResourcesBuildPhase;
			buildActionMask = 2147483647;
			files = (
			);
			runOnlyForDeploymentPostprocessing = 0;
		};
/* End PBXResourcesBuildPhase section */

/* Begin PBXShellScriptBuildPhase section */
		009B334262901D4818808E3D /* [CP] Embed Pods Frameworks */ = {
			isa = PBXShellScriptBuildPhase;
			buildActionMask = 2147483647;
			files = (
			);
			inputPaths = (
				"${SRCROOT}/Pods/Target Support Files/Pods-Contacts/Pods-Contacts-frameworks.sh",
				"${BUILT_PRODUCTS_DIR}/Alamofire/Alamofire.framework",
			);
			name = "[CP] Embed Pods Frameworks";
			outputPaths = (
				"${TARGET_BUILD_DIR}/${FRAMEWORKS_FOLDER_PATH}/Alamofire.framework",
			);
			runOnlyForDeploymentPostprocessing = 0;
			shellPath = /bin/sh;
			shellScript = "\"${SRCROOT}/Pods/Target Support Files/Pods-Contacts/Pods-Contacts-frameworks.sh\"\n";
			showEnvVarsInLog = 0;
		};
		94B85F3719D94F24D17425EC /* [CP] Check Pods Manifest.lock */ = {
			isa = PBXShellScriptBuildPhase;
			buildActionMask = 2147483647;
			files = (
			);
			inputPaths = (
				"${PODS_PODFILE_DIR_PATH}/Podfile.lock",
				"${PODS_ROOT}/Manifest.lock",
			);
			name = "[CP] Check Pods Manifest.lock";
			outputPaths = (
				"$(DERIVED_FILE_DIR)/Pods-ContactsTests-checkManifestLockResult.txt",
			);
			runOnlyForDeploymentPostprocessing = 0;
			shellPath = /bin/sh;
			shellScript = "diff \"${PODS_PODFILE_DIR_PATH}/Podfile.lock\" \"${PODS_ROOT}/Manifest.lock\" > /dev/null\nif [ $? != 0 ] ; then\n    # print error to STDERR\n    echo \"error: The sandbox is not in sync with the Podfile.lock. Run 'pod install' or update your CocoaPods installation.\" >&2\n    exit 1\nfi\n# This output is used by Xcode 'outputs' to avoid re-running this script phase.\necho \"SUCCESS\" > \"${SCRIPT_OUTPUT_FILE_0}\"\n";
			showEnvVarsInLog = 0;
		};
		CC7D90A8A00E81F17C5FB4CD /* [CP] Check Pods Manifest.lock */ = {
			isa = PBXShellScriptBuildPhase;
			buildActionMask = 2147483647;
			files = (
			);
			inputPaths = (
				"${PODS_PODFILE_DIR_PATH}/Podfile.lock",
				"${PODS_ROOT}/Manifest.lock",
			);
			name = "[CP] Check Pods Manifest.lock";
			outputPaths = (
				"$(DERIVED_FILE_DIR)/Pods-Contacts-checkManifestLockResult.txt",
			);
			runOnlyForDeploymentPostprocessing = 0;
			shellPath = /bin/sh;
			shellScript = "diff \"${PODS_PODFILE_DIR_PATH}/Podfile.lock\" \"${PODS_ROOT}/Manifest.lock\" > /dev/null\nif [ $? != 0 ] ; then\n    # print error to STDERR\n    echo \"error: The sandbox is not in sync with the Podfile.lock. Run 'pod install' or update your CocoaPods installation.\" >&2\n    exit 1\nfi\n# This output is used by Xcode 'outputs' to avoid re-running this script phase.\necho \"SUCCESS\" > \"${SCRIPT_OUTPUT_FILE_0}\"\n";
			showEnvVarsInLog = 0;
		};
/* End PBXShellScriptBuildPhase section */

/* Begin PBXSourcesBuildPhase section */
		E13E8D34223E9C580021CD55 /* Sources */ = {
			isa = PBXSourcesBuildPhase;
			buildActionMask = 2147483647;
			files = (
				E1FBB6F4223EB19E0001E273 /* NetworkLayer.swift in Sources */,
				E13E8D3E223E9C580021CD55 /* ListViewController.swift in Sources */,
				E13E8D3C223E9C580021CD55 /* AppDelegate.swift in Sources */,
				E1FBB6F6223EB1D40001E273 /* Constants.swift in Sources */,
				E1FBB6FD223EBEF90001E273 /* ContactsDataSource.swift in Sources */,
			);
			runOnlyForDeploymentPostprocessing = 0;
		};
		E13E8D48223E9C5A0021CD55 /* Sources */ = {
			isa = PBXSourcesBuildPhase;
			buildActionMask = 2147483647;
			files = (
				E13E8D51223E9C5A0021CD55 /* contactsTests.swift in Sources */,
			);
			runOnlyForDeploymentPostprocessing = 0;
		};
/* End PBXSourcesBuildPhase section */

/* Begin PBXTargetDependency section */
		E13E8D4E223E9C5A0021CD55 /* PBXTargetDependency */ = {
			isa = PBXTargetDependency;
			target = E13E8D37223E9C580021CD55 /* Contacts */;
			targetProxy = E13E8D4D223E9C5A0021CD55 /* PBXContainerItemProxy */;
		};
/* End PBXTargetDependency section */

/* Begin PBXVariantGroup section */
		E13E8D3F223E9C580021CD55 /* Main.storyboard */ = {
			isa = PBXVariantGroup;
			children = (
				E13E8D40223E9C580021CD55 /* Base */,
			);
			name = Main.storyboard;
			sourceTree = "<group>";
		};
		E13E8D44223E9C5A0021CD55 /* LaunchScreen.storyboard */ = {
			isa = PBXVariantGroup;
			children = (
				E13E8D45223E9C5A0021CD55 /* Base */,
			);
			name = LaunchScreen.storyboard;
			sourceTree = "<group>";
		};
/* End PBXVariantGroup section */

/* Begin XCBuildConfiguration section */
		E13E8D53223E9C5A0021CD55 /* Debug */ = {
			isa = XCBuildConfiguration;
			buildSettings = {
				ALWAYS_SEARCH_USER_PATHS = NO;
				CLANG_ANALYZER_NONNULL = YES;
				CLANG_ANALYZER_NUMBER_OBJECT_CONVERSION = YES_AGGRESSIVE;
				CLANG_CXX_LANGUAGE_STANDARD = "gnu++14";
				CLANG_CXX_LIBRARY = "libc++";
				CLANG_ENABLE_MODULES = YES;
				CLANG_ENABLE_OBJC_ARC = YES;
				CLANG_ENABLE_OBJC_WEAK = YES;
				CLANG_WARN_BLOCK_CAPTURE_AUTORELEASING = YES;
				CLANG_WARN_BOOL_CONVERSION = YES;
				CLANG_WARN_COMMA = YES;
				CLANG_WARN_CONSTANT_CONVERSION = YES;
				CLANG_WARN_DEPRECATED_OBJC_IMPLEMENTATIONS = YES;
				CLANG_WARN_DIRECT_OBJC_ISA_USAGE = YES_ERROR;
				CLANG_WARN_DOCUMENTATION_COMMENTS = YES;
				CLANG_WARN_EMPTY_BODY = YES;
				CLANG_WARN_ENUM_CONVERSION = YES;
				CLANG_WARN_INFINITE_RECURSION = YES;
				CLANG_WARN_INT_CONVERSION = YES;
				CLANG_WARN_NON_LITERAL_NULL_CONVERSION = YES;
				CLANG_WARN_OBJC_IMPLICIT_RETAIN_SELF = YES;
				CLANG_WARN_OBJC_LITERAL_CONVERSION = YES;
				CLANG_WARN_OBJC_ROOT_CLASS = YES_ERROR;
				CLANG_WARN_RANGE_LOOP_ANALYSIS = YES;
				CLANG_WARN_STRICT_PROTOTYPES = YES;
				CLANG_WARN_SUSPICIOUS_MOVE = YES;
				CLANG_WARN_UNGUARDED_AVAILABILITY = YES_AGGRESSIVE;
				CLANG_WARN_UNREACHABLE_CODE = YES;
				CLANG_WARN__DUPLICATE_METHOD_MATCH = YES;
				CODE_SIGN_IDENTITY = "iPhone Developer";
				COPY_PHASE_STRIP = NO;
				DEBUG_INFORMATION_FORMAT = dwarf;
				ENABLE_STRICT_OBJC_MSGSEND = YES;
				ENABLE_TESTABILITY = YES;
				GCC_C_LANGUAGE_STANDARD = gnu11;
				GCC_DYNAMIC_NO_PIC = NO;
				GCC_NO_COMMON_BLOCKS = YES;
				GCC_OPTIMIZATION_LEVEL = 0;
				GCC_PREPROCESSOR_DEFINITIONS = (
					"DEBUG=1",
					"$(inherited)",
				);
				GCC_WARN_64_TO_32_BIT_CONVERSION = YES;
				GCC_WARN_ABOUT_RETURN_TYPE = YES_ERROR;
				GCC_WARN_UNDECLARED_SELECTOR = YES;
				GCC_WARN_UNINITIALIZED_AUTOS = YES_AGGRESSIVE;
				GCC_WARN_UNUSED_FUNCTION = YES;
				GCC_WARN_UNUSED_VARIABLE = YES;
				IPHONEOS_DEPLOYMENT_TARGET = 12.1;
				MTL_ENABLE_DEBUG_INFO = INCLUDE_SOURCE;
				MTL_FAST_MATH = YES;
				ONLY_ACTIVE_ARCH = YES;
				SDKROOT = iphoneos;
				SWIFT_ACTIVE_COMPILATION_CONDITIONS = DEBUG;
				SWIFT_OPTIMIZATION_LEVEL = "-Onone";
			};
			name = Debug;
		};
		E13E8D54223E9C5A0021CD55 /* Release */ = {
			isa = XCBuildConfiguration;
			buildSettings = {
				ALWAYS_SEARCH_USER_PATHS = NO;
				CLANG_ANALYZER_NONNULL = YES;
				CLANG_ANALYZER_NUMBER_OBJECT_CONVERSION = YES_AGGRESSIVE;
				CLANG_CXX_LANGUAGE_STANDARD = "gnu++14";
				CLANG_CXX_LIBRARY = "libc++";
				CLANG_ENABLE_MODULES = YES;
				CLANG_ENABLE_OBJC_ARC = YES;
				CLANG_ENABLE_OBJC_WEAK = YES;
				CLANG_WARN_BLOCK_CAPTURE_AUTORELEASING = YES;
				CLANG_WARN_BOOL_CONVERSION = YES;
				CLANG_WARN_COMMA = YES;
				CLANG_WARN_CONSTANT_CONVERSION = YES;
				CLANG_WARN_DEPRECATED_OBJC_IMPLEMENTATIONS = YES;
				CLANG_WARN_DIRECT_OBJC_ISA_USAGE = YES_ERROR;
				CLANG_WARN_DOCUMENTATION_COMMENTS = YES;
				CLANG_WARN_EMPTY_BODY = YES;
				CLANG_WARN_ENUM_CONVERSION = YES;
				CLANG_WARN_INFINITE_RECURSION = YES;
				CLANG_WARN_INT_CONVERSION = YES;
				CLANG_WARN_NON_LITERAL_NULL_CONVERSION = YES;
				CLANG_WARN_OBJC_IMPLICIT_RETAIN_SELF = YES;
				CLANG_WARN_OBJC_LITERAL_CONVERSION = YES;
				CLANG_WARN_OBJC_ROOT_CLASS = YES_ERROR;
				CLANG_WARN_RANGE_LOOP_ANALYSIS = YES;
				CLANG_WARN_STRICT_PROTOTYPES = YES;
				CLANG_WARN_SUSPICIOUS_MOVE = YES;
				CLANG_WARN_UNGUARDED_AVAILABILITY = YES_AGGRESSIVE;
				CLANG_WARN_UNREACHABLE_CODE = YES;
				CLANG_WARN__DUPLICATE_METHOD_MATCH = YES;
				CODE_SIGN_IDENTITY = "iPhone Developer";
				COPY_PHASE_STRIP = NO;
				DEBUG_INFORMATION_FORMAT = "dwarf-with-dsym";
				ENABLE_NS_ASSERTIONS = NO;
				ENABLE_STRICT_OBJC_MSGSEND = YES;
				GCC_C_LANGUAGE_STANDARD = gnu11;
				GCC_NO_COMMON_BLOCKS = YES;
				GCC_WARN_64_TO_32_BIT_CONVERSION = YES;
				GCC_WARN_ABOUT_RETURN_TYPE = YES_ERROR;
				GCC_WARN_UNDECLARED_SELECTOR = YES;
				GCC_WARN_UNINITIALIZED_AUTOS = YES_AGGRESSIVE;
				GCC_WARN_UNUSED_FUNCTION = YES;
				GCC_WARN_UNUSED_VARIABLE = YES;
				IPHONEOS_DEPLOYMENT_TARGET = 12.1;
				MTL_ENABLE_DEBUG_INFO = NO;
				MTL_FAST_MATH = YES;
				SDKROOT = iphoneos;
				SWIFT_COMPILATION_MODE = wholemodule;
				SWIFT_OPTIMIZATION_LEVEL = "-O";
				VALIDATE_PRODUCT = YES;
			};
			name = Release;
		};
		E13E8D56223E9C5A0021CD55 /* Debug */ = {
			isa = XCBuildConfiguration;
			baseConfigurationReference = 0759A0D4ACF5751E2AB6EA3C /* Pods-Contacts.debug.xcconfig */;
			buildSettings = {
				ASSETCATALOG_COMPILER_APPICON_NAME = AppIcon;
				CODE_SIGN_STYLE = Automatic;
				INFOPLIST_FILE = contacts/Support/Info.plist;
				LD_RUNPATH_SEARCH_PATHS = (
					"$(inherited)",
					"@executable_path/Frameworks",
				);
				PRODUCT_BUNDLE_IDENTIFIER = personal.contacts;
				PRODUCT_NAME = "$(TARGET_NAME)";
				SWIFT_VERSION = 4.2;
				TARGETED_DEVICE_FAMILY = 1;
			};
			name = Debug;
		};
		E13E8D57223E9C5A0021CD55 /* Release */ = {
			isa = XCBuildConfiguration;
			baseConfigurationReference = 243199DA5DD9B842EF20316A /* Pods-Contacts.release.xcconfig */;
			buildSettings = {
				ASSETCATALOG_COMPILER_APPICON_NAME = AppIcon;
				CODE_SIGN_STYLE = Automatic;
				INFOPLIST_FILE = contacts/Support/Info.plist;
				LD_RUNPATH_SEARCH_PATHS = (
					"$(inherited)",
					"@executable_path/Frameworks",
				);
				PRODUCT_BUNDLE_IDENTIFIER = personal.contacts;
				PRODUCT_NAME = "$(TARGET_NAME)";
				SWIFT_VERSION = 4.2;
				TARGETED_DEVICE_FAMILY = 1;
			};
			name = Release;
		};
		E13E8D59223E9C5A0021CD55 /* Debug */ = {
			isa = XCBuildConfiguration;
			baseConfigurationReference = 516AE302A23ABB631EBBAB20 /* Pods-ContactsTests.debug.xcconfig */;
			buildSettings = {
				ALWAYS_EMBED_SWIFT_STANDARD_LIBRARIES = YES;
				BUNDLE_LOADER = "$(TEST_HOST)";
				CODE_SIGN_IDENTITY = "iPhone Developer";
				CODE_SIGN_STYLE = Automatic;
				DEVELOPMENT_TEAM = "";
				INFOPLIST_FILE = contactsTests/Info.plist;
				LD_RUNPATH_SEARCH_PATHS = (
					"$(inherited)",
					"@executable_path/Frameworks",
					"@loader_path/Frameworks",
				);
				PRODUCT_BUNDLE_IDENTIFIER = personal.contactsTests;
				PRODUCT_NAME = "$(TARGET_NAME)";
				PROVISIONING_PROFILE_SPECIFIER = "";
				SWIFT_VERSION = 4.2;
				TARGETED_DEVICE_FAMILY = "1,2";
				TEST_HOST = "$(BUILT_PRODUCTS_DIR)/Contacts.temp_caseinsensitive_rename.app/Contacts.temp_caseinsensitive_rename";
			};
			name = Debug;
		};
		E13E8D5A223E9C5A0021CD55 /* Release */ = {
			isa = XCBuildConfiguration;
			baseConfigurationReference = 2114991CD4B85BF1B8CB0809 /* Pods-ContactsTests.release.xcconfig */;
			buildSettings = {
				ALWAYS_EMBED_SWIFT_STANDARD_LIBRARIES = YES;
				BUNDLE_LOADER = "$(TEST_HOST)";
				CODE_SIGN_IDENTITY = "iPhone Developer";
				CODE_SIGN_STYLE = Automatic;
				DEVELOPMENT_TEAM = "";
				INFOPLIST_FILE = contactsTests/Info.plist;
				LD_RUNPATH_SEARCH_PATHS = (
					"$(inherited)",
					"@executable_path/Frameworks",
					"@loader_path/Frameworks",
				);
				PRODUCT_BUNDLE_IDENTIFIER = personal.contactsTests;
				PRODUCT_NAME = "$(TARGET_NAME)";
				PROVISIONING_PROFILE_SPECIFIER = "";
				SWIFT_VERSION = 4.2;
				TARGETED_DEVICE_FAMILY = "1,2";
				TEST_HOST = "$(BUILT_PRODUCTS_DIR)/Contacts.temp_caseinsensitive_rename.app/Contacts.temp_caseinsensitive_rename";
			};
			name = Release;
		};
/* End XCBuildConfiguration section */

/* Begin XCConfigurationList section */
		E13E8D33223E9C580021CD55 /* Build configuration list for PBXProject "Contacts" */ = {
			isa = XCConfigurationList;
			buildConfigurations = (
				E13E8D53223E9C5A0021CD55 /* Debug */,
				E13E8D54223E9C5A0021CD55 /* Release */,
			);
			defaultConfigurationIsVisible = 0;
			defaultConfigurationName = Release;
		};
		E13E8D55223E9C5A0021CD55 /* Build configuration list for PBXNativeTarget "Contacts" */ = {
			isa = XCConfigurationList;
			buildConfigurations = (
				E13E8D56223E9C5A0021CD55 /* Debug */,
				E13E8D57223E9C5A0021CD55 /* Release */,
			);
			defaultConfigurationIsVisible = 0;
			defaultConfigurationName = Release;
		};
		E13E8D58223E9C5A0021CD55 /* Build configuration list for PBXNativeTarget "ContactsTests" */ = {
			isa = XCConfigurationList;
			buildConfigurations = (
				E13E8D59223E9C5A0021CD55 /* Debug */,
				E13E8D5A223E9C5A0021CD55 /* Release */,
			);
			defaultConfigurationIsVisible = 0;
			defaultConfigurationName = Release;
		};
/* End XCConfigurationList section */
	};
	rootObject = E13E8D30223E9C580021CD55 /* Project object */;
}
